
Microsoft Visual Studio Solution File, Format Version 12.00
# Visual Studio Version 16
VisualStudioVersion = 16.0.32630.194
MinimumVisualStudioVersion = 10.0.40219.1
Project("{FAE04EC0-301F-11D3-BF4B-00C04F79EFBC}") = "HW_09_capital_Cities_namespaces", "HW_09_capital_Cities_namespaces\HW_09_capital_Cities_namespaces.csproj", "{8B86D8CA-EC02-47A9-B751-49D06F0108FE}"
EndProject
Global
	GlobalSection(SolutionConfigurationPlatforms) = preSolution
		Debug|Any CPU = Debug|Any CPU
		Release|Any CPU = Release|Any CPU
	EndGlobalSection
	GlobalSection(ProjectConfigurationPlatforms) = postSolution
		{8B86D8CA-EC02-47A9-B751-49D06F0108FE}.Debug|Any CPU.ActiveCfg = Debug|Any CPU
		{8B86D8CA-EC02-47A9-B751-49D06F0108FE}.Debug|Any CPU.Build.0 = Debug|Any CPU
		{8B86D8CA-EC02-47A9-B751-49D06F0108FE}.Release|Any CPU.ActiveCfg = Release|Any CPU
		{8B86D8CA-EC02-47A9-B751-49D06F0108FE}.Release|Any CPU.Build.0 = Release|Any CPU
	EndGlobalSection
	GlobalSection(SolutionProperties) = preSolution
		HideSolutionNode = FALSE
	EndGlobalSection
	GlobalSection(ExtensibilityGlobals) = postSolution
		SolutionGuid = {06E791FB-E536-4E62-9DAE-1C1BF44D6805}
	EndGlobalSection
EndGlobal
